
Microsoft Visual Studio Solution File, Format Version 12.00
# Visual Studio Version 16
VisualStudioVersion = 16.0.29806.167
MinimumVisualStudioVersion = 10.0.40219.1
Project("{9A19103F-16F7-4668-BE54-9A1E7A4F7556}") = "FileManagerDB", "FileManagerDB\FileManagerDB.csproj", "{CFC003E7-CEAD-4765-9216-912AD552897D}"
EndProject
Global
	GlobalSection(SolutionConfigurationPlatforms) = preSolution
		Debug|Any CPU = Debug|Any CPU
		Release|Any CPU = Release|Any CPU
	EndGlobalSection
	GlobalSection(ProjectConfigurationPlatforms) = postSolution
		{CFC003E7-CEAD-4765-9216-912AD552897D}.Debug|Any CPU.ActiveCfg = Debug|Any CPU
		{CFC003E7-CEAD-4765-9216-912AD552897D}.Debug|Any CPU.Build.0 = Debug|Any CPU
		{CFC003E7-CEAD-4765-9216-912AD552897D}.Release|Any CPU.ActiveCfg = Release|Any CPU
		{CFC003E7-CEAD-4765-9216-912AD552897D}.Release|Any CPU.Build.0 = Release|Any CPU
	EndGlobalSection
	GlobalSection(SolutionProperties) = preSolution
		HideSolutionNode = FALSE
	EndGlobalSection
	GlobalSection(ExtensibilityGlobals) = postSolution
		SolutionGuid = {8AE61CE7-F464-4FD3-900B-4CE3DEB78781}
	EndGlobalSection
EndGlobal
